
Microsoft Visual Studio Solution File, Format Version 12.00
# Visual Studio 15
VisualStudioVersion = 15.0.27703.2042
MinimumVisualStudioVersion = 10.0.40219.1
Project("{FAE04EC0-301F-11D3-BF4B-00C04F79EFBC}") = "RXGroupApp", "RXGroupApp\RXGroupApp.csproj", "{D86B9AE7-59E1-42ED-AA8D-443AD6E1B619}"
EndProject
Global
	GlobalSection(SolutionConfigurationPlatforms) = preSolution
		Debug|Any CPU = Debug|Any CPU
		Release|Any CPU = Release|Any CPU
	EndGlobalSection
	GlobalSection(ProjectConfigurationPlatforms) = postSolution
		{D86B9AE7-59E1-42ED-AA8D-443AD6E1B619}.Debug|Any CPU.ActiveCfg = Debug|Any CPU
		{D86B9AE7-59E1-42ED-AA8D-443AD6E1B619}.Debug|Any CPU.Build.0 = Debug|Any CPU
		{D86B9AE7-59E1-42ED-AA8D-443AD6E1B619}.Release|Any CPU.ActiveCfg = Release|Any CPU
		{D86B9AE7-59E1-42ED-AA8D-443AD6E1B619}.Release|Any CPU.Build.0 = Release|Any CPU
	EndGlobalSection
	GlobalSection(SolutionProperties) = preSolution
		HideSolutionNode = FALSE
	EndGlobalSection
	GlobalSection(ExtensibilityGlobals) = postSolution
		SolutionGuid = {B9275447-0D51-4CF0-B811-4159E7E24E34}
	EndGlobalSection
EndGlobal
